<?xml version="1.0" encoding="utf-8"?>
<Project ToolsVersion="4.0" xmlns="http://schemas.microsoft.com/developer/msbuild/2003">
  <ItemGroup>
    <Filter Include="Source Files">
      <UniqueIdentifier>{4FC737F1-C7A5-4376-A066-2A32D752A2FF}</UniqueIdentifier>
      <Extensions>cpp;c;cc;cxx;def;odl;idl;hpj;bat;asm;asmx</Extensions>
    </Filter>
    <Filter Include="Header Files">
      <UniqueIdentifier>{93995380-89BD-4b04-88EB-625FBE52EBFB}</UniqueIdentifier>
      <Extensions>h;hh;hpp;hxx;hm;inl;inc;xsd</Extensions>
    </Filter>
    <Filter Include="Resource Files">
      <UniqueIdentifier>{67DA6AB6-F800-4c08-8B7A-83BB121AAD01}</UniqueIdentifier>
      <Extensions>rc;ico;cur;bmp;dlg;rc2;rct;bin;rgs;gif;jpg;jpeg;jpe;resx;tiff;tif;png;wav;mfcribbon-ms</Extensions>
    </Filter>
    <Filter Include="Manager">
      <UniqueIdentifier>{cde3d445-323e-4582-bbf1-cedb0d21aaa3}</UniqueIdentifier>
    </Filter>
    <Filter Include="Tool">
      <UniqueIdentifier>{79040934-30c9-43e3-bd98-bd22f3a7b76f}</UniqueIdentifier>
    </Filter>
    <Filter Include="Manager\EventManager">
      <UniqueIdentifier>{8b5ebc83-4581-48f8-8150-bebcc9096f0a}</UniqueIdentifier>
    </Filter>
    <Filter Include="Manager\InputManager">
      <UniqueIdentifier>{5f9889bb-2507-4a95-8953-79c4a73cd727}</UniqueIdentifier>
    </Filter>
    <Filter Include="GameScene">
      <UniqueIdentifier>{af938e5b-5224-4492-8163-7a3d76ddee02}</UniqueIdentifier>
    </Filter>
    <Filter Include="GameScene\Collider">
      <UniqueIdentifier>{9b16d774-c905-40a9-86d3-36ac247c8ec1}</UniqueIdentifier>
    </Filter>
    <Filter Include="GameScene\Combinator">
      <UniqueIdentifier>{991f2475-d3b2-470e-8ffd-615888b96791}</UniqueIdentifier>
    </Filter>
    <Filter Include="UI">
      <UniqueIdentifier>{9f665a7d-c539-4289-b0c2-baaa0fe5d74a}</UniqueIdentifier>
    </Filter>
    <Filter Include="GameScene\Character">
      <UniqueIdentifier>{f9d12338-b253-4e46-b47c-676cdf613917}</UniqueIdentifier>
    </Filter>
    <Filter Include="GameScene\Actor">
      <UniqueIdentifier>{d12ad4a4-76e2-4f29-8b57-59c289cafc71}</UniqueIdentifier>
    </Filter>
    <Filter Include="GameScene\Actor\Physics">
      <UniqueIdentifier>{de962a97-9bfd-4690-8917-aba481ea7e8d}</UniqueIdentifier>
    </Filter>
    <Filter Include="GameScene\PartsGen">
      <UniqueIdentifier>{f06b2a7b-b547-4972-9951-7e73fabcee8a}</UniqueIdentifier>
    </Filter>
    <Filter Include="Manager\Factory">
      <UniqueIdentifier>{257ea775-a605-4615-8082-d1d21b4bd2cc}</UniqueIdentifier>
    </Filter>
    <Filter Include="UI\Button">
      <UniqueIdentifier>{78ec4cfa-4d2a-4f0c-a621-b60f2a71f011}</UniqueIdentifier>
    </Filter>
    <Filter Include="GameScene\Monster">
      <UniqueIdentifier>{5f2a9327-7bf9-4016-99dd-68851749c3b7}</UniqueIdentifier>
    </Filter>
    <Filter Include="GameScene\Monster\CrowdControl">
      <UniqueIdentifier>{e615c889-dac7-4e3f-acc3-997f132e9a6a}</UniqueIdentifier>
    </Filter>
    <Filter Include="GameScene\Tile">
      <UniqueIdentifier>{a2e5ed5e-c21e-4595-a998-63a305bf4584}</UniqueIdentifier>
    </Filter>
    <Filter Include="GameScene\Object">
      <UniqueIdentifier>{878916bb-8b8b-4b2d-8a45-6036be2a23f8}</UniqueIdentifier>
    </Filter>
  </ItemGroup>
  <ItemGroup>
    <Text Include="ReadMe.txt" />
  </ItemGroup>
  <ItemGroup>
    <ClInclude Include="stdafx.h">
      <Filter>Header Files</Filter>
    </ClInclude>
    <ClInclude Include="targetver.h">
      <Filter>Header Files</Filter>
    </ClInclude>
    <ClInclude Include="Resource.h">
      <Filter>Header Files</Filter>
    </ClInclude>
    <ClInclude Include="DX_RoboCooked.h">
      <Filter>Header Files</Filter>
    </ClInclude>
    <ClInclude Include="CSkinnedMesh.h">
      <Filter>Source Files</Filter>
    </ClInclude>
    <ClInclude Include="CSingleton.h">
      <Filter>Manager</Filter>
    </ClInclude>
    <ClInclude Include="CDeviceManager.h">
      <Filter>Manager</Filter>
    </ClInclude>
    <ClInclude Include="CFontManager.h">
      <Filter>Manager</Filter>
    </ClInclude>
    <ClInclude Include="CSkinnedMeshManager.h">
      <Filter>Manager</Filter>
    </ClInclude>
    <ClInclude Include="CAllocateHierachy.h">
      <Filter>Source Files</Filter>
    </ClInclude>
    <ClInclude Include="CTextureManager.h">
      <Filter>Manager</Filter>
    </ClInclude>
    <ClInclude Include="CTimeManager.h">
      <Filter>Manager</Filter>
    </ClInclude>
    <ClInclude Include="CFrameCounter.h">
      <Filter>Tool</Filter>
    </ClInclude>
    <ClInclude Include="CSceneManager.h">
      <Filter>Manager</Filter>
    </ClInclude>
    <ClInclude Include="CScene.h">
      <Filter>Header Files</Filter>
    </ClInclude>
    <ClInclude Include="CEventManager.h">
      <Filter>Manager\EventManager</Filter>
    </ClInclude>
    <ClInclude Include="CMainGame.h">
      <Filter>Header Files</Filter>
    </ClInclude>
    <ClInclude Include="CGrid.h">
      <Filter>Header Files</Filter>
    </ClInclude>
    <ClInclude Include="CCamera.h">
      <Filter>Header Files</Filter>
    </ClInclude>
    <ClInclude Include="CPyramid.h">
      <Filter>Header Files</Filter>
    </ClInclude>
    <ClInclude Include="InputManager.h">
      <Filter>Manager\InputManager</Filter>
    </ClInclude>
    <ClInclude Include="Keyboard.h">
      <Filter>Manager\InputManager</Filter>
    </ClInclude>
    <ClInclude Include="Mouse.h">
      <Filter>Manager\InputManager</Filter>
    </ClInclude>
    <ClInclude Include="CSphereCollision.h">
      <Filter>GameScene\Collider</Filter>
    </ClInclude>
    <ClInclude Include="CBoxCollision.h">
      <Filter>GameScene\Collider</Filter>
    </ClInclude>
    <ClInclude Include="ICollisionArea.h">
      <Filter>GameScene\Collider</Filter>
    </ClInclude>
    <ClInclude Include="CRandomNumberGenerator.h">
      <Filter>Tool</Filter>
    </ClInclude>
    <ClInclude Include="CEventListener.h">
      <Filter>Manager\EventManager</Filter>
    </ClInclude>
    <ClInclude Include="CSoundManager.h">
      <Filter>Manager</Filter>
    </ClInclude>
    <ClInclude Include="IInteractCenter.h">
      <Filter>Header Files</Filter>
    </ClInclude>
    <ClInclude Include="CGameScene.h">
      <Filter>GameScene</Filter>
    </ClInclude>
    <ClInclude Include="CCombinatorButton.h">
      <Filter>GameScene\Combinator</Filter>
    </ClInclude>
    <ClInclude Include="CPartCombinator.h">
      <Filter>GameScene\Combinator</Filter>
    </ClInclude>
    <ClInclude Include="CPartAutoCombinator.h">
      <Filter>GameScene\Combinator</Filter>
    </ClInclude>
    <ClInclude Include="CPartManualCombinator.h">
      <Filter>GameScene\Combinator</Filter>
    </ClInclude>
    <ClInclude Include="CWall.h">
      <Filter>Header Files</Filter>
    </ClInclude>
    <ClInclude Include="CUI.h">
      <Filter>UI</Filter>
    </ClInclude>
    <ClInclude Include="CUITextureManager.h">
      <Filter>Manager</Filter>
    </ClInclude>
    <ClInclude Include="CDebugPlayer1.h">
      <Filter>GameScene\Character</Filter>
    </ClInclude>
    <ClInclude Include="CDebugPlayer2.h">
      <Filter>GameScene\Character</Filter>
    </ClInclude>
    <ClInclude Include="CCharacter.h">
      <Filter>GameScene\Character</Filter>
    </ClInclude>
    <ClInclude Include="CActor.h">
      <Filter>GameScene\Actor</Filter>
    </ClInclude>
    <ClInclude Include="CInteractiveActor.h">
      <Filter>GameScene\Actor</Filter>
    </ClInclude>
    <ClInclude Include="CPartStorage.h">
      <Filter>GameScene\PartsGen</Filter>
    </ClInclude>
    <ClInclude Include="CPartVending.h">
      <Filter>GameScene\PartsGen</Filter>
    </ClInclude>
    <ClInclude Include="COutlet.h">
      <Filter>GameScene\PartsGen</Filter>
    </ClInclude>
    <ClInclude Include="CParts.h">
      <Filter>GameScene\PartsGen</Filter>
    </ClInclude>
    <ClInclude Include="IPartGenerator.h">
      <Filter>GameScene\PartsGen</Filter>
    </ClInclude>
    <ClInclude Include="CField.h">
      <Filter>GameScene\Actor</Filter>
    </ClInclude>
    <ClInclude Include="CPartsManager.h">
      <Filter>Manager\Factory</Filter>
    </ClInclude>
    <ClInclude Include="CUIText.h">
      <Filter>UI</Filter>
    </ClInclude>
    <ClInclude Include="CUITexture.h">
      <Filter>UI</Filter>
    </ClInclude>
    <ClInclude Include="CUIButton.h">
      <Filter>UI</Filter>
    </ClInclude>
    <ClInclude Include="CUICloseButton.h">
      <Filter>UI\Button</Filter>
    </ClInclude>
    <ClInclude Include="CUIBoardButton.h">
      <Filter>UI\Button</Filter>
    </ClInclude>
    <ClInclude Include="CUIBarButton.h">
      <Filter>UI\Button</Filter>
    </ClInclude>
    <ClInclude Include="CUIPauseButton.h">
      <Filter>UI\Button</Filter>
    </ClInclude>
    <ClInclude Include="CPhysicsApplyer.h">
      <Filter>GameScene\Actor\Physics</Filter>
    </ClInclude>
    <ClInclude Include="CMeshLoader.h">
      <Filter>Manager\Factory</Filter>
    </ClInclude>
    <ClInclude Include="CStaticMesh.h">
      <Filter>Manager\Factory</Filter>
    </ClInclude>
    <ClInclude Include="CMonster.h">
      <Filter>GameScene\Monster</Filter>
    </ClInclude>
    <ClInclude Include="CBlueprint.h">
      <Filter>GameScene</Filter>
    </ClInclude>
    <ClInclude Include="CCrowdControl.h">
      <Filter>GameScene\Monster\CrowdControl</Filter>
    </ClInclude>
    <ClInclude Include="CStaticMeshManager.h">
      <Filter>Manager</Filter>
    </ClInclude>
    <ClInclude Include="CTestStair.h">
      <Filter>GameScene\Actor</Filter>
    </ClInclude>
    <ClInclude Include="CTile.h">
      <Filter>GameScene\Tile</Filter>
    </ClInclude>
    <ClInclude Include="CWater.h">
      <Filter>GameScene\Tile</Filter>
    </ClInclude>
    <ClInclude Include="CStair.h">
      <Filter>GameScene\Tile</Filter>
    </ClInclude>
    <ClInclude Include="CMonsterHarpy.h">
      <Filter>GameScene\Monster</Filter>
    </ClInclude>
    <ClInclude Include="CMonsterMedusa.h">
      <Filter>GameScene\Monster</Filter>
    </ClInclude>
    <ClInclude Include="CCCSpeedDown.h">
      <Filter>GameScene\Monster\CrowdControl</Filter>
    </ClInclude>
    <ClInclude Include="CCCNone.h">
      <Filter>GameScene\Monster\CrowdControl</Filter>
    </ClInclude>
    <ClInclude Include="CCCStopMove.h">
      <Filter>GameScene\Monster\CrowdControl</Filter>
    </ClInclude>
    <ClInclude Include="CCCReverseKey.h">
      <Filter>GameScene\Monster\CrowdControl</Filter>
    </ClInclude>
    <ClInclude Include="CTornado.h">
      <Filter>Header Files</Filter>
    </ClInclude>
    <ClInclude Include="CBrick.h">
      <Filter>GameScene\Tile</Filter>
    </ClInclude>
    <ClInclude Include="CSoil.h">
      <Filter>GameScene\Tile</Filter>
    </ClInclude>
    <ClInclude Include="CFlowSand.h">
      <Filter>GameScene\Tile</Filter>
    </ClInclude>
    <ClInclude Include="CThickSand.h">
      <Filter>GameScene\Tile</Filter>
    </ClInclude>
    <ClInclude Include="CSand.h">
      <Filter>GameScene\Tile</Filter>
    </ClInclude>
    <ClInclude Include="CSandDummy.h">
      <Filter>Header Files</Filter>
    </ClInclude>
  </ItemGroup>
  <ItemGroup>
    <ClCompile Include="stdafx.cpp">
      <Filter>Source Files</Filter>
    </ClCompile>
    <ClCompile Include="DX_RoboCooked.cpp">
      <Filter>Source Files</Filter>
    </ClCompile>
    <ClCompile Include="CSkinnedMesh.cpp">
      <Filter>Source Files</Filter>
    </ClCompile>
    <ClCompile Include="CSingleton.cpp">
      <Filter>Manager</Filter>
    </ClCompile>
    <ClCompile Include="CDeviceManager.cpp">
      <Filter>Manager</Filter>
    </ClCompile>
    <ClCompile Include="CFontManager.cpp">
      <Filter>Manager</Filter>
    </ClCompile>
    <ClCompile Include="CSkinnedMeshManager.cpp">
      <Filter>Manager</Filter>
    </ClCompile>
    <ClCompile Include="CAllocateHierachy.cpp">
      <Filter>Source Files</Filter>
    </ClCompile>
    <ClCompile Include="CTextureManager.cpp">
      <Filter>Manager</Filter>
    </ClCompile>
    <ClCompile Include="CTimeManager.cpp">
      <Filter>Manager</Filter>
    </ClCompile>
    <ClCompile Include="CFrameCounter.cpp">
      <Filter>Tool</Filter>
    </ClCompile>
    <ClCompile Include="CSceneManager.cpp">
      <Filter>Manager</Filter>
    </ClCompile>
    <ClCompile Include="CScene.cpp">
      <Filter>Source Files</Filter>
    </ClCompile>
    <ClCompile Include="CEventManager.cpp">
      <Filter>Manager\EventManager</Filter>
    </ClCompile>
    <ClCompile Include="CMainGame.cpp">
      <Filter>Source Files</Filter>
    </ClCompile>
    <ClCompile Include="CCamera.cpp">
      <Filter>Source Files</Filter>
    </ClCompile>
    <ClCompile Include="CGrid.cpp">
      <Filter>Source Files</Filter>
    </ClCompile>
    <ClCompile Include="CPyramid.cpp">
      <Filter>Source Files</Filter>
    </ClCompile>
    <ClCompile Include="InputManager.cpp">
      <Filter>Manager\InputManager</Filter>
    </ClCompile>
    <ClCompile Include="Keyboard.cpp">
      <Filter>Manager\InputManager</Filter>
    </ClCompile>
    <ClCompile Include="Mouse.cpp">
      <Filter>Manager\InputManager</Filter>
    </ClCompile>
    <ClCompile Include="CSphereCollision.cpp">
      <Filter>GameScene\Collider</Filter>
    </ClCompile>
    <ClCompile Include="ICollisionArea.cpp">
      <Filter>GameScene\Collider</Filter>
    </ClCompile>
    <ClCompile Include="CBoxCollision.cpp">
      <Filter>GameScene\Collider</Filter>
    </ClCompile>
    <ClCompile Include="CRandomNumberGenerator.cpp">
      <Filter>Tool</Filter>
    </ClCompile>
    <ClCompile Include="CEventListener.cpp">
      <Filter>Manager\EventManager</Filter>
    </ClCompile>
    <ClCompile Include="CSoundManager.cpp">
      <Filter>Manager</Filter>
    </ClCompile>
    <ClCompile Include="CGameScene.cpp">
      <Filter>GameScene</Filter>
    </ClCompile>
    <ClCompile Include="IInteractCenter.cpp">
      <Filter>Source Files</Filter>
    </ClCompile>
    <ClCompile Include="CCombinatorButton.cpp">
      <Filter>GameScene\Combinator</Filter>
    </ClCompile>
    <ClCompile Include="CPartCombinator.cpp">
      <Filter>GameScene\Combinator</Filter>
    </ClCompile>
    <ClCompile Include="CPartManualCombinator.cpp">
      <Filter>GameScene\Combinator</Filter>
    </ClCompile>
    <ClCompile Include="CPartAutoCombinator.cpp">
      <Filter>GameScene\Combinator</Filter>
    </ClCompile>
    <ClCompile Include="CWall.cpp">
      <Filter>Source Files</Filter>
    </ClCompile>
    <ClCompile Include="CUI.cpp">
      <Filter>UI</Filter>
    </ClCompile>
    <ClCompile Include="CUITextureManager.cpp">
      <Filter>Manager</Filter>
    </ClCompile>
    <ClCompile Include="CDebugPlayer1.cpp">
      <Filter>GameScene\Character</Filter>
    </ClCompile>
    <ClCompile Include="CDebugPlayer2.cpp">
      <Filter>GameScene\Character</Filter>
    </ClCompile>
    <ClCompile Include="CCharacter.cpp">
      <Filter>GameScene\Character</Filter>
    </ClCompile>
    <ClCompile Include="CActor.cpp">
      <Filter>GameScene\Actor</Filter>
    </ClCompile>
    <ClCompile Include="CInteractiveActor.cpp">
      <Filter>GameScene\Actor</Filter>
    </ClCompile>
    <ClCompile Include="CPartStorage.cpp">
      <Filter>GameScene\PartsGen</Filter>
    </ClCompile>
    <ClCompile Include="CPartVending.cpp">
      <Filter>GameScene\PartsGen</Filter>
    </ClCompile>
    <ClCompile Include="COutlet.cpp">
      <Filter>GameScene\PartsGen</Filter>
    </ClCompile>
    <ClCompile Include="CParts.cpp">
      <Filter>GameScene\PartsGen</Filter>
    </ClCompile>
    <ClCompile Include="IPartGenerator.cpp">
      <Filter>GameScene\PartsGen</Filter>
    </ClCompile>
    <ClCompile Include="CField.cpp">
      <Filter>GameScene\Actor</Filter>
    </ClCompile>
    <ClCompile Include="CPartsManager.cpp">
      <Filter>Manager\Factory</Filter>
    </ClCompile>
    <ClCompile Include="CUIText.cpp">
      <Filter>UI</Filter>
    </ClCompile>
    <ClCompile Include="CUITexture.cpp">
      <Filter>UI</Filter>
    </ClCompile>
    <ClCompile Include="CUIButton.cpp">
      <Filter>UI</Filter>
    </ClCompile>
    <ClCompile Include="CUICloseButton.cpp">
      <Filter>UI\Button</Filter>
    </ClCompile>
    <ClCompile Include="CUIBoardButton.cpp">
      <Filter>UI\Button</Filter>
    </ClCompile>
    <ClCompile Include="CUIBarButton.cpp">
      <Filter>UI\Button</Filter>
    </ClCompile>
    <ClCompile Include="CUIPauseButton.cpp">
      <Filter>UI\Button</Filter>
    </ClCompile>
    <ClCompile Include="CPhysicsApplyer.cpp">
      <Filter>GameScene\Actor\Physics</Filter>
    </ClCompile>
    <ClCompile Include="CMeshLoader.cpp">
      <Filter>Manager\Factory</Filter>
    </ClCompile>
    <ClCompile Include="CStaticMesh.cpp">
      <Filter>Manager\Factory</Filter>
    </ClCompile>
    <ClCompile Include="CMonster.cpp">
      <Filter>GameScene\Monster</Filter>
    </ClCompile>
    <ClCompile Include="CBlueprint.cpp">
      <Filter>GameScene</Filter>
    </ClCompile>
    <ClCompile Include="CCrowdControl.cpp">
      <Filter>GameScene\Monster\CrowdControl</Filter>
    </ClCompile>
    <ClCompile Include="CStaticMeshManager.cpp">
      <Filter>Manager</Filter>
    </ClCompile>
    <ClCompile Include="CTestStair.cpp">
      <Filter>GameScene\Actor</Filter>
    </ClCompile>
    <ClCompile Include="CTile.cpp">
      <Filter>GameScene\Tile</Filter>
    </ClCompile>
    <ClCompile Include="CWater.cpp">
      <Filter>GameScene\Tile</Filter>
    </ClCompile>
    <ClCompile Include="CStair.cpp">
      <Filter>GameScene\Tile</Filter>
    </ClCompile>
    <ClCompile Include="CMonsterHarpy.cpp">
      <Filter>GameScene\Monster</Filter>
    </ClCompile>
    <ClCompile Include="CMonsterMedusa.cpp">
      <Filter>GameScene\Monster</Filter>
    </ClCompile>
    <ClCompile Include="CCCSpeedDown.cpp">
      <Filter>GameScene\Monster\CrowdControl</Filter>
    </ClCompile>
    <ClCompile Include="CCCNone.cpp">
      <Filter>GameScene\Monster\CrowdControl</Filter>
    </ClCompile>
    <ClCompile Include="CCCReverseKey.cpp">
      <Filter>GameScene\Monster\CrowdControl</Filter>
    </ClCompile>
    <ClCompile Include="CCCStopMove.cpp">
      <Filter>GameScene\Monster\CrowdControl</Filter>
    </ClCompile>
    <ClCompile Include="CTornado.cpp">
      <Filter>Source Files</Filter>
    </ClCompile>
    <ClCompile Include="CBrick.cpp">
      <Filter>GameScene\Tile</Filter>
    </ClCompile>
    <ClCompile Include="CSoil.cpp">
      <Filter>GameScene\Tile</Filter>
    </ClCompile>
    <ClCompile Include="CFlowSand.cpp">
      <Filter>GameScene\Tile</Filter>
    </ClCompile>
    <ClCompile Include="CThickSand.cpp">
      <Filter>GameScene\Tile</Filter>
    </ClCompile>
    <ClCompile Include="CSand.cpp">
      <Filter>GameScene\Tile</Filter>
    </ClCompile>
    <ClCompile Include="CSandDummy.cpp">
      <Filter>Source Files</Filter>
    </ClCompile>
  </ItemGroup>
  <ItemGroup>
    <ResourceCompile Include="DX_RoboCooked.rc">
      <Filter>Resource Files</Filter>
    </ResourceCompile>
  </ItemGroup>
  <ItemGroup>
    <Image Include="small.ico">
      <Filter>Resource Files</Filter>
    </Image>
    <Image Include="DX_RoboCooked.ico">
      <Filter>Resource Files</Filter>
    </Image>
  </ItemGroup>
  <ItemGroup>
    <None Include="ClassDiagram.cd" />
    <None Include="ClassDiagram1.cd" />
  </ItemGroup>
</Project>